
Microsoft Visual Studio Solution File, Format Version 12.00
# Visual Studio Version 17
VisualStudioVersion = 17.0.31903.59
MinimumVisualStudioVersion = 10.0.40219.1
Project("{2150E333-8FDC-42A3-9474-1A3956D46DE8}") = "Parley", "Parley", "{E78D6E13-906C-164B-3B49-39B3DEBEC026}"
EndProject
Project("{FAE04EC0-301F-11D3-BF4B-00C04F79EFBC}") = "Parley", "Parley\Parley\Parley.csproj", "{3B7E685A-9A38-4D24-BB61-58F85ED9418B}"
EndProject
Project("{FAE04EC0-301F-11D3-BF4B-00C04F79EFBC}") = "Parley.Tests", "Parley\Parley.Tests\Parley.Tests.csproj", "{4D3211D7-7610-4726-9F08-7F69A07512E1}"
EndProject
Project("{2150E333-8FDC-42A3-9474-1A3956D46DE8}") = "Manifest", "Manifest", "{D7524D0C-C744-6A2B-21A6-EB8B8A01D7B4}"
EndProject
Project("{FAE04EC0-301F-11D3-BF4B-00C04F79EFBC}") = "Manifest", "Manifest\Manifest\Manifest.csproj", "{0B49A3D7-A303-411E-A881-812FFC9D5821}"
EndProject
Project("{FAE04EC0-301F-11D3-BF4B-00C04F79EFBC}") = "Manifest.Tests", "Manifest\Manifest.Tests\Manifest.Tests.csproj", "{30E3DD2C-4E98-4BB8-BB80-B35E355ECA1D}"
EndProject
Project("{2150E333-8FDC-42A3-9474-1A3956D46DE8}") = "Radoub.Formats", "Radoub.Formats", "{40E17FFE-F135-A79C-4106-027DF01CC820}"
EndProject
Project("{FAE04EC0-301F-11D3-BF4B-00C04F79EFBC}") = "Radoub.Formats", "Radoub.Formats\Radoub.Formats\Radoub.Formats.csproj", "{4A3D3936-4D19-40A8-B516-BB245D469625}"
EndProject
Project("{FAE04EC0-301F-11D3-BF4B-00C04F79EFBC}") = "Radoub.Formats.Tests", "Radoub.Formats\Radoub.Formats.Tests\Radoub.Formats.Tests.csproj", "{FCBB790B-3F49-4B73-811D-866F027236D7}"
EndProject
Project("{2150E333-8FDC-42A3-9474-1A3956D46DE8}") = "Radoub.Dictionary", "Radoub.Dictionary", "{8569732C-D741-C84F-00CF-AD3BB91268A5}"
EndProject
Project("{FAE04EC0-301F-11D3-BF4B-00C04F79EFBC}") = "Radoub.Dictionary", "Radoub.Dictionary\Radoub.Dictionary\Radoub.Dictionary.csproj", "{2E4FC2D5-147A-43F9-918E-D8DEF5614AA1}"
EndProject
Project("{2150E333-8FDC-42A3-9474-1A3956D46DE8}") = "Radoub.UI", "Radoub.UI", "{D0BEC476-A35D-81B7-FADD-543B5BC7A8D0}"
EndProject
Project("{FAE04EC0-301F-11D3-BF4B-00C04F79EFBC}") = "Radoub.UI", "Radoub.UI\Radoub.UI\Radoub.UI.csproj", "{343F5C6F-9907-4F55-9E10-5FB41014FF57}"
EndProject
Project("{2150E333-8FDC-42A3-9474-1A3956D46DE8}") = "Radoub.TestUtilities", "Radoub.TestUtilities", "{573CC190-58C0-ECCE-C322-F51E06A1ABFD}"
EndProject
Project("{FAE04EC0-301F-11D3-BF4B-00C04F79EFBC}") = "Radoub.TestUtilities", "Radoub.TestUtilities\Radoub.TestUtilities\Radoub.TestUtilities.csproj", "{E69BF78B-8AA5-40D3-A580-2B7F9807C0E9}"
EndProject
Project("{2150E333-8FDC-42A3-9474-1A3956D46DE8}") = "Fence", "Fence", "{F0A56FE2-5420-68BE-65A2-2E274B088437}"
EndProject
Project("{FAE04EC0-301F-11D3-BF4B-00C04F79EFBC}") = "Fence", "Fence\Fence\Fence.csproj", "{8FD390C4-043E-48D2-992F-7F9F55FB9607}"
EndProject
Project("{2150E333-8FDC-42A3-9474-1A3956D46DE8}") = "Trebuchet", "Trebuchet", "{279B937A-5F32-3265-1C42-4B81D266CA56}"
EndProject
Project("{FAE04EC0-301F-11D3-BF4B-00C04F79EFBC}") = "Trebuchet", "Trebuchet\Trebuchet\Trebuchet.csproj", "{C5B8433F-179D-4485-B2B5-BEAF42428409}"
EndProject
Project("{FAE04EC0-301F-11D3-BF4B-00C04F79EFBC}") = "Fence.Tests", "Fence\Fence.Tests\Fence.Tests.csproj", "{75809BF6-E9F0-468F-BF49-E5D2DFB3BC12}"
EndProject
Project("{FAE04EC0-301F-11D3-BF4B-00C04F79EFBC}") = "Radoub.UI.Tests", "Radoub.UI\Radoub.UI.Tests\Radoub.UI.Tests.csproj", "{1312763B-ADFE-436D-9D77-5A54978C49AB}"
EndProject
Project("{2150E333-8FDC-42A3-9474-1A3956D46DE8}") = "Quartermaster", "Quartermaster", "{74F19BDA-E7E9-554E-3878-ADA57AC6D308}"
EndProject
Project("{FAE04EC0-301F-11D3-BF4B-00C04F79EFBC}") = "Quartermaster", "Quartermaster\Quartermaster\Quartermaster.csproj", "{079B0CE3-E2E6-4EE1-85AD-151905780F2E}"
EndProject
Project("{FAE04EC0-301F-11D3-BF4B-00C04F79EFBC}") = "Quartermaster.Tests", "Quartermaster\Quartermaster.Tests\Quartermaster.Tests.csproj", "{27A10420-9ABC-4360-ADC2-DBC376501590}"
EndProject
Project("{FAE04EC0-301F-11D3-BF4B-00C04F79EFBC}") = "Radoub.Dictionary.Tests", "Radoub.Dictionary\Radoub.Dictionary.Tests\Radoub.Dictionary.Tests.csproj", "{367E8817-06F8-4385-BCFF-C53B859DABD6}"
EndProject
Project("{FAE04EC0-301F-11D3-BF4B-00C04F79EFBC}") = "Radoub.IntegrationTests", "Radoub.IntegrationTests\Radoub.IntegrationTests.csproj", "{9E62FCDC-E903-4B9D-9CBB-1ADDEE2ACED0}"
EndProject
Global
	GlobalSection(SolutionConfigurationPlatforms) = preSolution
		Debug|Any CPU = Debug|Any CPU
		Debug|x64 = Debug|x64
		Debug|x86 = Debug|x86
		Release|Any CPU = Release|Any CPU
		Release|x64 = Release|x64
		Release|x86 = Release|x86
	EndGlobalSection
	GlobalSection(ProjectConfigurationPlatforms) = postSolution
		{3B7E685A-9A38-4D24-BB61-58F85ED9418B}.Debug|Any CPU.ActiveCfg = Debug|Any CPU
		{3B7E685A-9A38-4D24-BB61-58F85ED9418B}.Debug|Any CPU.Build.0 = Debug|Any CPU
		{3B7E685A-9A38-4D24-BB61-58F85ED9418B}.Debug|x64.ActiveCfg = Debug|Any CPU
		{3B7E685A-9A38-4D24-BB61-58F85ED9418B}.Debug|x64.Build.0 = Debug|Any CPU
		{3B7E685A-9A38-4D24-BB61-58F85ED9418B}.Debug|x86.ActiveCfg = Debug|Any CPU
		{3B7E685A-9A38-4D24-BB61-58F85ED9418B}.Debug|x86.Build.0 = Debug|Any CPU
		{3B7E685A-9A38-4D24-BB61-58F85ED9418B}.Release|Any CPU.ActiveCfg = Release|Any CPU
		{3B7E685A-9A38-4D24-BB61-58F85ED9418B}.Release|Any CPU.Build.0 = Release|Any CPU
		{3B7E685A-9A38-4D24-BB61-58F85ED9418B}.Release|x64.ActiveCfg = Release|Any CPU
		{3B7E685A-9A38-4D24-BB61-58F85ED9418B}.Release|x64.Build.0 = Release|Any CPU
		{3B7E685A-9A38-4D24-BB61-58F85ED9418B}.Release|x86.ActiveCfg = Release|Any CPU
		{3B7E685A-9A38-4D24-BB61-58F85ED9418B}.Release|x86.Build.0 = Release|Any CPU
		{4D3211D7-7610-4726-9F08-7F69A07512E1}.Debug|Any CPU.ActiveCfg = Debug|Any CPU
		{4D3211D7-7610-4726-9F08-7F69A07512E1}.Debug|Any CPU.Build.0 = Debug|Any CPU
		{4D3211D7-7610-4726-9F08-7F69A07512E1}.Debug|x64.ActiveCfg = Debug|Any CPU
		{4D3211D7-7610-4726-9F08-7F69A07512E1}.Debug|x64.Build.0 = Debug|Any CPU
		{4D3211D7-7610-4726-9F08-7F69A07512E1}.Debug|x86.ActiveCfg = Debug|Any CPU
		{4D3211D7-7610-4726-9F08-7F69A07512E1}.Debug|x86.Build.0 = Debug|Any CPU
		{4D3211D7-7610-4726-9F08-7F69A07512E1}.Release|Any CPU.ActiveCfg = Release|Any CPU
		{4D3211D7-7610-4726-9F08-7F69A07512E1}.Release|Any CPU.Build.0 = Release|Any CPU
		{4D3211D7-7610-4726-9F08-7F69A07512E1}.Release|x64.ActiveCfg = Release|Any CPU
		{4D3211D7-7610-4726-9F08-7F69A07512E1}.Release|x64.Build.0 = Release|Any CPU
		{4D3211D7-7610-4726-9F08-7F69A07512E1}.Release|x86.ActiveCfg = Release|Any CPU
		{4D3211D7-7610-4726-9F08-7F69A07512E1}.Release|x86.Build.0 = Release|Any CPU
		{0B49A3D7-A303-411E-A881-812FFC9D5821}.Debug|Any CPU.ActiveCfg = Debug|Any CPU
		{0B49A3D7-A303-411E-A881-812FFC9D5821}.Debug|Any CPU.Build.0 = Debug|Any CPU
		{0B49A3D7-A303-411E-A881-812FFC9D5821}.Debug|x64.ActiveCfg = Debug|Any CPU
		{0B49A3D7-A303-411E-A881-812FFC9D5821}.Debug|x64.Build.0 = Debug|Any CPU
		{0B49A3D7-A303-411E-A881-812FFC9D5821}.Debug|x86.ActiveCfg = Debug|Any CPU
		{0B49A3D7-A303-411E-A881-812FFC9D5821}.Debug|x86.Build.0 = Debug|Any CPU
		{0B49A3D7-A303-411E-A881-812FFC9D5821}.Release|Any CPU.ActiveCfg = Release|Any CPU
		{0B49A3D7-A303-411E-A881-812FFC9D5821}.Release|Any CPU.Build.0 = Release|Any CPU
		{0B49A3D7-A303-411E-A881-812FFC9D5821}.Release|x64.ActiveCfg = Release|Any CPU
		{0B49A3D7-A303-411E-A881-812FFC9D5821}.Release|x64.Build.0 = Release|Any CPU
		{0B49A3D7-A303-411E-A881-812FFC9D5821}.Release|x86.ActiveCfg = Release|Any CPU
		{0B49A3D7-A303-411E-A881-812FFC9D5821}.Release|x86.Build.0 = Release|Any CPU
		{30E3DD2C-4E98-4BB8-BB80-B35E355ECA1D}.Debug|Any CPU.ActiveCfg = Debug|Any CPU
		{30E3DD2C-4E98-4BB8-BB80-B35E355ECA1D}.Debug|Any CPU.Build.0 = Debug|Any CPU
		{30E3DD2C-4E98-4BB8-BB80-B35E355ECA1D}.Debug|x64.ActiveCfg = Debug|Any CPU
		{30E3DD2C-4E98-4BB8-BB80-B35E355ECA1D}.Debug|x64.Build.0 = Debug|Any CPU
		{30E3DD2C-4E98-4BB8-BB80-B35E355ECA1D}.Debug|x86.ActiveCfg = Debug|Any CPU
		{30E3DD2C-4E98-4BB8-BB80-B35E355ECA1D}.Debug|x86.Build.0 = Debug|Any CPU
		{30E3DD2C-4E98-4BB8-BB80-B35E355ECA1D}.Release|Any CPU.ActiveCfg = Release|Any CPU
		{30E3DD2C-4E98-4BB8-BB80-B35E355ECA1D}.Release|Any CPU.Build.0 = Release|Any CPU
		{30E3DD2C-4E98-4BB8-BB80-B35E355ECA1D}.Release|x64.ActiveCfg = Release|Any CPU
		{30E3DD2C-4E98-4BB8-BB80-B35E355ECA1D}.Release|x64.Build.0 = Release|Any CPU
		{30E3DD2C-4E98-4BB8-BB80-B35E355ECA1D}.Release|x86.ActiveCfg = Release|Any CPU
		{30E3DD2C-4E98-4BB8-BB80-B35E355ECA1D}.Release|x86.Build.0 = Release|Any CPU
		{4A3D3936-4D19-40A8-B516-BB245D469625}.Debug|Any CPU.ActiveCfg = Debug|Any CPU
		{4A3D3936-4D19-40A8-B516-BB245D469625}.Debug|Any CPU.Build.0 = Debug|Any CPU
		{4A3D3936-4D19-40A8-B516-BB245D469625}.Debug|x64.ActiveCfg = Debug|Any CPU
		{4A3D3936-4D19-40A8-B516-BB245D469625}.Debug|x64.Build.0 = Debug|Any CPU
		{4A3D3936-4D19-40A8-B516-BB245D469625}.Debug|x86.ActiveCfg = Debug|Any CPU
		{4A3D3936-4D19-40A8-B516-BB245D469625}.Debug|x86.Build.0 = Debug|Any CPU
		{4A3D3936-4D19-40A8-B516-BB245D469625}.Release|Any CPU.ActiveCfg = Release|Any CPU
		{4A3D3936-4D19-40A8-B516-BB245D469625}.Release|Any CPU.Build.0 = Release|Any CPU
		{4A3D3936-4D19-40A8-B516-BB245D469625}.Release|x64.ActiveCfg = Release|Any CPU
		{4A3D3936-4D19-40A8-B516-BB245D469625}.Release|x64.Build.0 = Release|Any CPU
		{4A3D3936-4D19-40A8-B516-BB245D469625}.Release|x86.ActiveCfg = Release|Any CPU
		{4A3D3936-4D19-40A8-B516-BB245D469625}.Release|x86.Build.0 = Release|Any CPU
		{FCBB790B-3F49-4B73-811D-866F027236D7}.Debug|Any CPU.ActiveCfg = Debug|Any CPU
		{FCBB790B-3F49-4B73-811D-866F027236D7}.Debug|Any CPU.Build.0 = Debug|Any CPU
		{FCBB790B-3F49-4B73-811D-866F027236D7}.Debug|x64.ActiveCfg = Debug|Any CPU
		{FCBB790B-3F49-4B73-811D-866F027236D7}.Debug|x64.Build.0 = Debug|Any CPU
		{FCBB790B-3F49-4B73-811D-866F027236D7}.Debug|x86.ActiveCfg = Debug|Any CPU
		{FCBB790B-3F49-4B73-811D-866F027236D7}.Debug|x86.Build.0 = Debug|Any CPU
		{FCBB790B-3F49-4B73-811D-866F027236D7}.Release|Any CPU.ActiveCfg = Release|Any CPU
		{FCBB790B-3F49-4B73-811D-866F027236D7}.Release|Any CPU.Build.0 = Release|Any CPU
		{FCBB790B-3F49-4B73-811D-866F027236D7}.Release|x64.ActiveCfg = Release|Any CPU
		{FCBB790B-3F49-4B73-811D-866F027236D7}.Release|x64.Build.0 = Release|Any CPU
		{FCBB790B-3F49-4B73-811D-866F027236D7}.Release|x86.ActiveCfg = Release|Any CPU
		{FCBB790B-3F49-4B73-811D-866F027236D7}.Release|x86.Build.0 = Release|Any CPU
		{2E4FC2D5-147A-43F9-918E-D8DEF5614AA1}.Debug|Any CPU.ActiveCfg = Debug|Any CPU
		{2E4FC2D5-147A-43F9-918E-D8DEF5614AA1}.Debug|Any CPU.Build.0 = Debug|Any CPU
		{2E4FC2D5-147A-43F9-918E-D8DEF5614AA1}.Debug|x64.ActiveCfg = Debug|Any CPU
		{2E4FC2D5-147A-43F9-918E-D8DEF5614AA1}.Debug|x64.Build.0 = Debug|Any CPU
		{2E4FC2D5-147A-43F9-918E-D8DEF5614AA1}.Debug|x86.ActiveCfg = Debug|Any CPU
		{2E4FC2D5-147A-43F9-918E-D8DEF5614AA1}.Debug|x86.Build.0 = Debug|Any CPU
		{2E4FC2D5-147A-43F9-918E-D8DEF5614AA1}.Release|Any CPU.ActiveCfg = Release|Any CPU
		{2E4FC2D5-147A-43F9-918E-D8DEF5614AA1}.Release|Any CPU.Build.0 = Release|Any CPU
		{2E4FC2D5-147A-43F9-918E-D8DEF5614AA1}.Release|x64.ActiveCfg = Release|Any CPU
		{2E4FC2D5-147A-43F9-918E-D8DEF5614AA1}.Release|x64.Build.0 = Release|Any CPU
		{2E4FC2D5-147A-43F9-918E-D8DEF5614AA1}.Release|x86.ActiveCfg = Release|Any CPU
		{2E4FC2D5-147A-43F9-918E-D8DEF5614AA1}.Release|x86.Build.0 = Release|Any CPU
		{343F5C6F-9907-4F55-9E10-5FB41014FF57}.Debug|Any CPU.ActiveCfg = Debug|Any CPU
		{343F5C6F-9907-4F55-9E10-5FB41014FF57}.Debug|Any CPU.Build.0 = Debug|Any CPU
		{343F5C6F-9907-4F55-9E10-5FB41014FF57}.Debug|x64.ActiveCfg = Debug|Any CPU
		{343F5C6F-9907-4F55-9E10-5FB41014FF57}.Debug|x64.Build.0 = Debug|Any CPU
		{343F5C6F-9907-4F55-9E10-5FB41014FF57}.Debug|x86.ActiveCfg = Debug|Any CPU
		{343F5C6F-9907-4F55-9E10-5FB41014FF57}.Debug|x86.Build.0 = Debug|Any CPU
		{343F5C6F-9907-4F55-9E10-5FB41014FF57}.Release|Any CPU.ActiveCfg = Release|Any CPU
		{343F5C6F-9907-4F55-9E10-5FB41014FF57}.Release|Any CPU.Build.0 = Release|Any CPU
		{343F5C6F-9907-4F55-9E10-5FB41014FF57}.Release|x64.ActiveCfg = Release|Any CPU
		{343F5C6F-9907-4F55-9E10-5FB41014FF57}.Release|x64.Build.0 = Release|Any CPU
		{343F5C6F-9907-4F55-9E10-5FB41014FF57}.Release|x86.ActiveCfg = Release|Any CPU
		{343F5C6F-9907-4F55-9E10-5FB41014FF57}.Release|x86.Build.0 = Release|Any CPU
		{E69BF78B-8AA5-40D3-A580-2B7F9807C0E9}.Debug|Any CPU.ActiveCfg = Debug|Any CPU
		{E69BF78B-8AA5-40D3-A580-2B7F9807C0E9}.Debug|Any CPU.Build.0 = Debug|Any CPU
		{E69BF78B-8AA5-40D3-A580-2B7F9807C0E9}.Debug|x64.ActiveCfg = Debug|Any CPU
		{E69BF78B-8AA5-40D3-A580-2B7F9807C0E9}.Debug|x64.Build.0 = Debug|Any CPU
		{E69BF78B-8AA5-40D3-A580-2B7F9807C0E9}.Debug|x86.ActiveCfg = Debug|Any CPU
		{E69BF78B-8AA5-40D3-A580-2B7F9807C0E9}.Debug|x86.Build.0 = Debug|Any CPU
		{E69BF78B-8AA5-40D3-A580-2B7F9807C0E9}.Release|Any CPU.ActiveCfg = Release|Any CPU
		{E69BF78B-8AA5-40D3-A580-2B7F9807C0E9}.Release|Any CPU.Build.0 = Release|Any CPU
		{E69BF78B-8AA5-40D3-A580-2B7F9807C0E9}.Release|x64.ActiveCfg = Release|Any CPU
		{E69BF78B-8AA5-40D3-A580-2B7F9807C0E9}.Release|x64.Build.0 = Release|Any CPU
		{E69BF78B-8AA5-40D3-A580-2B7F9807C0E9}.Release|x86.ActiveCfg = Release|Any CPU
		{E69BF78B-8AA5-40D3-A580-2B7F9807C0E9}.Release|x86.Build.0 = Release|Any CPU
		{8FD390C4-043E-48D2-992F-7F9F55FB9607}.Debug|Any CPU.ActiveCfg = Debug|Any CPU
		{8FD390C4-043E-48D2-992F-7F9F55FB9607}.Debug|Any CPU.Build.0 = Debug|Any CPU
		{8FD390C4-043E-48D2-992F-7F9F55FB9607}.Debug|x64.ActiveCfg = Debug|Any CPU
		{8FD390C4-043E-48D2-992F-7F9F55FB9607}.Debug|x64.Build.0 = Debug|Any CPU
		{8FD390C4-043E-48D2-992F-7F9F55FB9607}.Debug|x86.ActiveCfg = Debug|Any CPU
		{8FD390C4-043E-48D2-992F-7F9F55FB9607}.Debug|x86.Build.0 = Debug|Any CPU
		{8FD390C4-043E-48D2-992F-7F9F55FB9607}.Release|Any CPU.ActiveCfg = Release|Any CPU
		{8FD390C4-043E-48D2-992F-7F9F55FB9607}.Release|Any CPU.Build.0 = Release|Any CPU
		{8FD390C4-043E-48D2-992F-7F9F55FB9607}.Release|x64.ActiveCfg = Release|Any CPU
		{8FD390C4-043E-48D2-992F-7F9F55FB9607}.Release|x64.Build.0 = Release|Any CPU
		{8FD390C4-043E-48D2-992F-7F9F55FB9607}.Release|x86.ActiveCfg = Release|Any CPU
		{8FD390C4-043E-48D2-992F-7F9F55FB9607}.Release|x86.Build.0 = Release|Any CPU
		{C5B8433F-179D-4485-B2B5-BEAF42428409}.Debug|Any CPU.ActiveCfg = Debug|Any CPU
		{C5B8433F-179D-4485-B2B5-BEAF42428409}.Debug|Any CPU.Build.0 = Debug|Any CPU
		{C5B8433F-179D-4485-B2B5-BEAF42428409}.Debug|x64.ActiveCfg = Debug|Any CPU
		{C5B8433F-179D-4485-B2B5-BEAF42428409}.Debug|x64.Build.0 = Debug|Any CPU
		{C5B8433F-179D-4485-B2B5-BEAF42428409}.Debug|x86.ActiveCfg = Debug|Any CPU
		{C5B8433F-179D-4485-B2B5-BEAF42428409}.Debug|x86.Build.0 = Debug|Any CPU
		{C5B8433F-179D-4485-B2B5-BEAF42428409}.Release|Any CPU.ActiveCfg = Release|Any CPU
		{C5B8433F-179D-4485-B2B5-BEAF42428409}.Release|Any CPU.Build.0 = Release|Any CPU
		{C5B8433F-179D-4485-B2B5-BEAF42428409}.Release|x64.ActiveCfg = Release|Any CPU
		{C5B8433F-179D-4485-B2B5-BEAF42428409}.Release|x64.Build.0 = Release|Any CPU
		{C5B8433F-179D-4485-B2B5-BEAF42428409}.Release|x86.ActiveCfg = Release|Any CPU
		{C5B8433F-179D-4485-B2B5-BEAF42428409}.Release|x86.Build.0 = Release|Any CPU
		{75809BF6-E9F0-468F-BF49-E5D2DFB3BC12}.Debug|Any CPU.ActiveCfg = Debug|Any CPU
		{75809BF6-E9F0-468F-BF49-E5D2DFB3BC12}.Debug|Any CPU.Build.0 = Debug|Any CPU
		{75809BF6-E9F0-468F-BF49-E5D2DFB3BC12}.Debug|x64.ActiveCfg = Debug|Any CPU
		{75809BF6-E9F0-468F-BF49-E5D2DFB3BC12}.Debug|x64.Build.0 = Debug|Any CPU
		{75809BF6-E9F0-468F-BF49-E5D2DFB3BC12}.Debug|x86.ActiveCfg = Debug|Any CPU
		{75809BF6-E9F0-468F-BF49-E5D2DFB3BC12}.Debug|x86.Build.0 = Debug|Any CPU
		{75809BF6-E9F0-468F-BF49-E5D2DFB3BC12}.Release|Any CPU.ActiveCfg = Release|Any CPU
		{75809BF6-E9F0-468F-BF49-E5D2DFB3BC12}.Release|Any CPU.Build.0 = Release|Any CPU
		{75809BF6-E9F0-468F-BF49-E5D2DFB3BC12}.Release|x64.ActiveCfg = Release|Any CPU
		{75809BF6-E9F0-468F-BF49-E5D2DFB3BC12}.Release|x64.Build.0 = Release|Any CPU
		{75809BF6-E9F0-468F-BF49-E5D2DFB3BC12}.Release|x86.ActiveCfg = Release|Any CPU
		{75809BF6-E9F0-468F-BF49-E5D2DFB3BC12}.Release|x86.Build.0 = Release|Any CPU
		{1312763B-ADFE-436D-9D77-5A54978C49AB}.Debug|Any CPU.ActiveCfg = Debug|Any CPU
		{1312763B-ADFE-436D-9D77-5A54978C49AB}.Debug|Any CPU.Build.0 = Debug|Any CPU
		{1312763B-ADFE-436D-9D77-5A54978C49AB}.Debug|x64.ActiveCfg = Debug|Any CPU
		{1312763B-ADFE-436D-9D77-5A54978C49AB}.Debug|x64.Build.0 = Debug|Any CPU
		{1312763B-ADFE-436D-9D77-5A54978C49AB}.Debug|x86.ActiveCfg = Debug|Any CPU
		{1312763B-ADFE-436D-9D77-5A54978C49AB}.Debug|x86.Build.0 = Debug|Any CPU
		{1312763B-ADFE-436D-9D77-5A54978C49AB}.Release|Any CPU.ActiveCfg = Release|Any CPU
		{1312763B-ADFE-436D-9D77-5A54978C49AB}.Release|Any CPU.Build.0 = Release|Any CPU
		{1312763B-ADFE-436D-9D77-5A54978C49AB}.Release|x64.ActiveCfg = Release|Any CPU
		{1312763B-ADFE-436D-9D77-5A54978C49AB}.Release|x64.Build.0 = Release|Any CPU
		{1312763B-ADFE-436D-9D77-5A54978C49AB}.Release|x86.ActiveCfg = Release|Any CPU
		{1312763B-ADFE-436D-9D77-5A54978C49AB}.Release|x86.Build.0 = Release|Any CPU
		{079B0CE3-E2E6-4EE1-85AD-151905780F2E}.Debug|Any CPU.ActiveCfg = Debug|Any CPU
		{079B0CE3-E2E6-4EE1-85AD-151905780F2E}.Debug|Any CPU.Build.0 = Debug|Any CPU
		{079B0CE3-E2E6-4EE1-85AD-151905780F2E}.Debug|x64.ActiveCfg = Debug|Any CPU
		{079B0CE3-E2E6-4EE1-85AD-151905780F2E}.Debug|x64.Build.0 = Debug|Any CPU
		{079B0CE3-E2E6-4EE1-85AD-151905780F2E}.Debug|x86.ActiveCfg = Debug|Any CPU
		{079B0CE3-E2E6-4EE1-85AD-151905780F2E}.Debug|x86.Build.0 = Debug|Any CPU
		{079B0CE3-E2E6-4EE1-85AD-151905780F2E}.Release|Any CPU.ActiveCfg = Release|Any CPU
		{079B0CE3-E2E6-4EE1-85AD-151905780F2E}.Release|Any CPU.Build.0 = Release|Any CPU
		{079B0CE3-E2E6-4EE1-85AD-151905780F2E}.Release|x64.ActiveCfg = Release|Any CPU
		{079B0CE3-E2E6-4EE1-85AD-151905780F2E}.Release|x64.Build.0 = Release|Any CPU
		{079B0CE3-E2E6-4EE1-85AD-151905780F2E}.Release|x86.ActiveCfg = Release|Any CPU
		{079B0CE3-E2E6-4EE1-85AD-151905780F2E}.Release|x86.Build.0 = Release|Any CPU
		{27A10420-9ABC-4360-ADC2-DBC376501590}.Debug|Any CPU.ActiveCfg = Debug|Any CPU
		{27A10420-9ABC-4360-ADC2-DBC376501590}.Debug|Any CPU.Build.0 = Debug|Any CPU
		{27A10420-9ABC-4360-ADC2-DBC376501590}.Debug|x64.ActiveCfg = Debug|Any CPU
		{27A10420-9ABC-4360-ADC2-DBC376501590}.Debug|x64.Build.0 = Debug|Any CPU
		{27A10420-9ABC-4360-ADC2-DBC376501590}.Debug|x86.ActiveCfg = Debug|Any CPU
		{27A10420-9ABC-4360-ADC2-DBC376501590}.Debug|x86.Build.0 = Debug|Any CPU
		{27A10420-9ABC-4360-ADC2-DBC376501590}.Release|Any CPU.ActiveCfg = Release|Any CPU
		{27A10420-9ABC-4360-ADC2-DBC376501590}.Release|Any CPU.Build.0 = Release|Any CPU
		{27A10420-9ABC-4360-ADC2-DBC376501590}.Release|x64.ActiveCfg = Release|Any CPU
		{27A10420-9ABC-4360-ADC2-DBC376501590}.Release|x64.Build.0 = Release|Any CPU
		{27A10420-9ABC-4360-ADC2-DBC376501590}.Release|x86.ActiveCfg = Release|Any CPU
		{27A10420-9ABC-4360-ADC2-DBC376501590}.Release|x86.Build.0 = Release|Any CPU
		{367E8817-06F8-4385-BCFF-C53B859DABD6}.Debug|Any CPU.ActiveCfg = Debug|Any CPU
		{367E8817-06F8-4385-BCFF-C53B859DABD6}.Debug|Any CPU.Build.0 = Debug|Any CPU
		{367E8817-06F8-4385-BCFF-C53B859DABD6}.Debug|x64.ActiveCfg = Debug|Any CPU
		{367E8817-06F8-4385-BCFF-C53B859DABD6}.Debug|x64.Build.0 = Debug|Any CPU
		{367E8817-06F8-4385-BCFF-C53B859DABD6}.Debug|x86.ActiveCfg = Debug|Any CPU
		{367E8817-06F8-4385-BCFF-C53B859DABD6}.Debug|x86.Build.0 = Debug|Any CPU
		{367E8817-06F8-4385-BCFF-C53B859DABD6}.Release|Any CPU.ActiveCfg = Release|Any CPU
		{367E8817-06F8-4385-BCFF-C53B859DABD6}.Release|Any CPU.Build.0 = Release|Any CPU
		{367E8817-06F8-4385-BCFF-C53B859DABD6}.Release|x64.ActiveCfg = Release|Any CPU
		{367E8817-06F8-4385-BCFF-C53B859DABD6}.Release|x64.Build.0 = Release|Any CPU
		{367E8817-06F8-4385-BCFF-C53B859DABD6}.Release|x86.ActiveCfg = Release|Any CPU
		{367E8817-06F8-4385-BCFF-C53B859DABD6}.Release|x86.Build.0 = Release|Any CPU
		{9E62FCDC-E903-4B9D-9CBB-1ADDEE2ACED0}.Debug|Any CPU.ActiveCfg = Debug|Any CPU
		{9E62FCDC-E903-4B9D-9CBB-1ADDEE2ACED0}.Debug|Any CPU.Build.0 = Debug|Any CPU
		{9E62FCDC-E903-4B9D-9CBB-1ADDEE2ACED0}.Debug|x64.ActiveCfg = Debug|Any CPU
		{9E62FCDC-E903-4B9D-9CBB-1ADDEE2ACED0}.Debug|x64.Build.0 = Debug|Any CPU
		{9E62FCDC-E903-4B9D-9CBB-1ADDEE2ACED0}.Debug|x86.ActiveCfg = Debug|Any CPU
		{9E62FCDC-E903-4B9D-9CBB-1ADDEE2ACED0}.Debug|x86.Build.0 = Debug|Any CPU
		{9E62FCDC-E903-4B9D-9CBB-1ADDEE2ACED0}.Release|Any CPU.ActiveCfg = Release|Any CPU
		{9E62FCDC-E903-4B9D-9CBB-1ADDEE2ACED0}.Release|Any CPU.Build.0 = Release|Any CPU
		{9E62FCDC-E903-4B9D-9CBB-1ADDEE2ACED0}.Release|x64.ActiveCfg = Release|Any CPU
		{9E62FCDC-E903-4B9D-9CBB-1ADDEE2ACED0}.Release|x64.Build.0 = Release|Any CPU
		{9E62FCDC-E903-4B9D-9CBB-1ADDEE2ACED0}.Release|x86.ActiveCfg = Release|Any CPU
		{9E62FCDC-E903-4B9D-9CBB-1ADDEE2ACED0}.Release|x86.Build.0 = Release|Any CPU
	EndGlobalSection
	GlobalSection(SolutionProperties) = preSolution
		HideSolutionNode = FALSE
	EndGlobalSection
	GlobalSection(NestedProjects) = preSolution
		{3B7E685A-9A38-4D24-BB61-58F85ED9418B} = {E78D6E13-906C-164B-3B49-39B3DEBEC026}
		{4D3211D7-7610-4726-9F08-7F69A07512E1} = {E78D6E13-906C-164B-3B49-39B3DEBEC026}
		{0B49A3D7-A303-411E-A881-812FFC9D5821} = {D7524D0C-C744-6A2B-21A6-EB8B8A01D7B4}
		{30E3DD2C-4E98-4BB8-BB80-B35E355ECA1D} = {D7524D0C-C744-6A2B-21A6-EB8B8A01D7B4}
		{4A3D3936-4D19-40A8-B516-BB245D469625} = {40E17FFE-F135-A79C-4106-027DF01CC820}
		{FCBB790B-3F49-4B73-811D-866F027236D7} = {40E17FFE-F135-A79C-4106-027DF01CC820}
		{2E4FC2D5-147A-43F9-918E-D8DEF5614AA1} = {8569732C-D741-C84F-00CF-AD3BB91268A5}
		{343F5C6F-9907-4F55-9E10-5FB41014FF57} = {D0BEC476-A35D-81B7-FADD-543B5BC7A8D0}
		{E69BF78B-8AA5-40D3-A580-2B7F9807C0E9} = {573CC190-58C0-ECCE-C322-F51E06A1ABFD}
		{8FD390C4-043E-48D2-992F-7F9F55FB9607} = {F0A56FE2-5420-68BE-65A2-2E274B088437}
		{C5B8433F-179D-4485-B2B5-BEAF42428409} = {279B937A-5F32-3265-1C42-4B81D266CA56}
		{75809BF6-E9F0-468F-BF49-E5D2DFB3BC12} = {F0A56FE2-5420-68BE-65A2-2E274B088437}
		{1312763B-ADFE-436D-9D77-5A54978C49AB} = {D0BEC476-A35D-81B7-FADD-543B5BC7A8D0}
		{079B0CE3-E2E6-4EE1-85AD-151905780F2E} = {74F19BDA-E7E9-554E-3878-ADA57AC6D308}
		{27A10420-9ABC-4360-ADC2-DBC376501590} = {74F19BDA-E7E9-554E-3878-ADA57AC6D308}
		{367E8817-06F8-4385-BCFF-C53B859DABD6} = {74F19BDA-E7E9-554E-3878-ADA57AC6D308}
	EndGlobalSection
EndGlobal
