
Microsoft Visual Studio Solution File, Format Version 12.00
# Visual Studio Version 17
VisualStudioVersion = 17.5.2.0
MinimumVisualStudioVersion = 10.0.40219.1
Project("{9A19103F-16F7-4668-BE54-9A1E7A4F7556}") = "Parley", "Parley\Parley.csproj", "{F4A2C3B1-8D9E-4F12-9A3B-1C2D3E4F5A6B}"
EndProject
Project("{FAE04EC0-301F-11D3-BF4B-00C04F79EFBC}") = "Parley.Tests", "Parley.Tests\Parley.Tests.csproj", "{07F72B56-A9A0-4F87-B81C-B618859FB560}"
EndProject
Global
	GlobalSection(SolutionConfigurationPlatforms) = preSolution
		Debug|Any CPU = Debug|Any CPU
		Debug|x64 = Debug|x64
		Debug|x86 = Debug|x86
		Release|Any CPU = Release|Any CPU
		Release|x64 = Release|x64
		Release|x86 = Release|x86
	EndGlobalSection
	GlobalSection(ProjectConfigurationPlatforms) = postSolution
		{F4A2C3B1-8D9E-4F12-9A3B-1C2D3E4F5A6B}.Debug|Any CPU.ActiveCfg = Debug|Any CPU
		{F4A2C3B1-8D9E-4F12-9A3B-1C2D3E4F5A6B}.Debug|Any CPU.Build.0 = Debug|Any CPU
		{F4A2C3B1-8D9E-4F12-9A3B-1C2D3E4F5A6B}.Debug|x64.ActiveCfg = Debug|Any CPU
		{F4A2C3B1-8D9E-4F12-9A3B-1C2D3E4F5A6B}.Debug|x64.Build.0 = Debug|Any CPU
		{F4A2C3B1-8D9E-4F12-9A3B-1C2D3E4F5A6B}.Debug|x86.ActiveCfg = Debug|Any CPU
		{F4A2C3B1-8D9E-4F12-9A3B-1C2D3E4F5A6B}.Debug|x86.Build.0 = Debug|Any CPU
		{F4A2C3B1-8D9E-4F12-9A3B-1C2D3E4F5A6B}.Release|Any CPU.ActiveCfg = Release|Any CPU
		{F4A2C3B1-8D9E-4F12-9A3B-1C2D3E4F5A6B}.Release|Any CPU.Build.0 = Release|Any CPU
		{F4A2C3B1-8D9E-4F12-9A3B-1C2D3E4F5A6B}.Release|x64.ActiveCfg = Release|Any CPU
		{F4A2C3B1-8D9E-4F12-9A3B-1C2D3E4F5A6B}.Release|x64.Build.0 = Release|Any CPU
		{F4A2C3B1-8D9E-4F12-9A3B-1C2D3E4F5A6B}.Release|x86.ActiveCfg = Release|Any CPU
		{F4A2C3B1-8D9E-4F12-9A3B-1C2D3E4F5A6B}.Release|x86.Build.0 = Release|Any CPU
		{07F72B56-A9A0-4F87-B81C-B618859FB560}.Debug|Any CPU.ActiveCfg = Debug|Any CPU
		{07F72B56-A9A0-4F87-B81C-B618859FB560}.Debug|Any CPU.Build.0 = Debug|Any CPU
		{07F72B56-A9A0-4F87-B81C-B618859FB560}.Debug|x64.ActiveCfg = Debug|Any CPU
		{07F72B56-A9A0-4F87-B81C-B618859FB560}.Debug|x64.Build.0 = Debug|Any CPU
		{07F72B56-A9A0-4F87-B81C-B618859FB560}.Debug|x86.ActiveCfg = Debug|Any CPU
		{07F72B56-A9A0-4F87-B81C-B618859FB560}.Debug|x86.Build.0 = Debug|Any CPU
		{07F72B56-A9A0-4F87-B81C-B618859FB560}.Release|Any CPU.ActiveCfg = Release|Any CPU
		{07F72B56-A9A0-4F87-B81C-B618859FB560}.Release|Any CPU.Build.0 = Release|Any CPU
		{07F72B56-A9A0-4F87-B81C-B618859FB560}.Release|x64.ActiveCfg = Release|Any CPU
		{07F72B56-A9A0-4F87-B81C-B618859FB560}.Release|x64.Build.0 = Release|Any CPU
		{07F72B56-A9A0-4F87-B81C-B618859FB560}.Release|x86.ActiveCfg = Release|Any CPU
		{07F72B56-A9A0-4F87-B81C-B618859FB560}.Release|x86.Build.0 = Release|Any CPU
	EndGlobalSection
	GlobalSection(SolutionProperties) = preSolution
		HideSolutionNode = FALSE
	EndGlobalSection
	GlobalSection(ExtensibilityGlobals) = postSolution
		SolutionGuid = {C64A439E-E89D-4FCC-BA37-6F086DDE1A6B}
	EndGlobalSection
EndGlobal
